// !$*UTF8*$!
{
	archiveVersion = 1;
	classes = {
	};
	objectVersion = 46;
	objects = {

/* Begin PBXBuildFile section */
		3584CB1B164828C500512256 /* UIKit.framework in Frameworks */ = {isa = PBXBuildFile; fileRef = 3584CB1A164828C500512256 /* UIKit.framework */; };
		3584CB1D164828C500512256 /* Foundation.framework in Frameworks */ = {isa = PBXBuildFile; fileRef = 3584CB1C164828C500512256 /* Foundation.framework */; };
		3584CB1F164828C500512256 /* CoreGraphics.framework in Frameworks */ = {isa = PBXBuildFile; fileRef = 3584CB1E164828C500512256 /* CoreGraphics.framework */; };
		3584CB25164828C500512256 /* InfoPlist.strings in Resources */ = {isa = PBXBuildFile; fileRef = 3584CB23164828C500512256 /* InfoPlist.strings */; };
		3584CB27164828C500512256 /* main.m in Sources */ = {isa = PBXBuildFile; fileRef = 3584CB26164828C500512256 /* main.m */; };
		3584CB2B164828C500512256 /* RPCAppDelegate.m in Sources */ = {isa = PBXBuildFile; fileRef = 3584CB2A164828C500512256 /* RPCAppDelegate.m */; };
		3584CB2D164828C500512256 /* Default.png in Resources */ = {isa = PBXBuildFile; fileRef = 3584CB2C164828C500512256 /* Default.png */; };
		3584CB2F164828C500512256 /* Default@2x.png in Resources */ = {isa = PBXBuildFile; fileRef = 3584CB2E164828C500512256 /* Default@2x.png */; };
		3584CB31164828C600512256 /* Default-568h@2x.png in Resources */ = {isa = PBXBuildFile; fileRef = 3584CB30164828C600512256 /* Default-568h@2x.png */; };
		3584CB34164828C600512256 /* MainStoryboard.storyboard in Resources */ = {isa = PBXBuildFile; fileRef = 3584CB32164828C600512256 /* MainStoryboard.storyboard */; };
		3584CB37164828C600512256 /* RPCViewController.m in Sources */ = {isa = PBXBuildFile; fileRef = 3584CB36164828C600512256 /* RPCViewController.m */; };
		3592B4091649B73200259486 /* RPCPresentedViewController.m in Sources */ = {isa = PBXBuildFile; fileRef = 3592B4081649B73200259486 /* RPCPresentedViewController.m */; };
		3593965D164B161300990F1B /* Black_pog.png in Resources */ = {isa = PBXBuildFile; fileRef = 35939658164B161300990F1B /* Black_pog.png */; };
		3593965E164B161300990F1B /* Blue_pog.png in Resources */ = {isa = PBXBuildFile; fileRef = 35939659164B161300990F1B /* Blue_pog.png */; };
		3593965F164B161300990F1B /* Green_pog.png in Resources */ = {isa = PBXBuildFile; fileRef = 3593965A164B161300990F1B /* Green_pog.png */; };
		35939660164B161300990F1B /* Red_pog.png in Resources */ = {isa = PBXBuildFile; fileRef = 3593965B164B161300990F1B /* Red_pog.png */; };
		35939661164B161300990F1B /* Steel_pog.png in Resources */ = {isa = PBXBuildFile; fileRef = 3593965C164B161300990F1B /* Steel_pog.png */; };
		35B3970216485DA100B74925 /* RPCRotatableNavigationController.m in Sources */ = {isa = PBXBuildFile; fileRef = 35B3970116485DA100B74925 /* RPCRotatableNavigationController.m */; };
		35B3970616485DC800B74925 /* RPCNonRotatableNavigationController.m in Sources */ = {isa = PBXBuildFile; fileRef = 35B3970516485DC800B74925 /* RPCNonRotatableNavigationController.m */; };
		5DA9511A164BDB2800BD92F8 /* AdSupport.framework in Frameworks */ = {isa = PBXBuildFile; fileRef = 5DA95119164BDB2800BD92F8 /* AdSupport.framework */; };
		5DA9511D164BDB4100BD92F8 /* AdSupport.framework in Frameworks */ = {isa = PBXBuildFile; fileRef = 5DA9511C164BDB4100BD92F8 /* AdSupport.framework */; };
/* End PBXBuildFile section */

/* Begin PBXFileReference section */
		3584CB16164828C500512256 /* TechTalkRPC.app */ = {isa = PBXFileReference; explicitFileType = wrapper.application; includeInIndex = 0; path = TechTalkRPC.app; sourceTree = BUILT_PRODUCTS_DIR; };
		3584CB1A164828C500512256 /* UIKit.framework */ = {isa = PBXFileReference; lastKnownFileType = wrapper.framework; name = UIKit.framework; path = System/Library/Frameworks/UIKit.framework; sourceTree = SDKROOT; };
		3584CB1C164828C500512256 /* Foundation.framework */ = {isa = PBXFileReference; lastKnownFileType = wrapper.framework; name = Foundation.framework; path = System/Library/Frameworks/Foundation.framework; sourceTree = SDKROOT; };
		3584CB1E164828C500512256 /* CoreGraphics.framework */ = {isa = PBXFileReference; lastKnownFileType = wrapper.framework; name = CoreGraphics.framework; path = System/Library/Frameworks/CoreGraphics.framework; sourceTree = SDKROOT; };
		3584CB22164828C500512256 /* TechTalkRPC-Info.plist */ = {isa = PBXFileReference; lastKnownFileType = text.plist.xml; path = "TechTalkRPC-Info.plist"; sourceTree = "<group>"; };
		3584CB24164828C500512256 /* en */ = {isa = PBXFileReference; lastKnownFileType = text.plist.strings; name = en; path = en.lproj/InfoPlist.strings; sourceTree = "<group>"; };
		3584CB26164828C500512256 /* main.m */ = {isa = PBXFileReference; lastKnownFileType = sourcecode.c.objc; path = main.m; sourceTree = "<group>"; };
		3584CB28164828C500512256 /* TechTalkRPC-Prefix.pch */ = {isa = PBXFileReference; lastKnownFileType = sourcecode.c.h; path = "TechTalkRPC-Prefix.pch"; sourceTree = "<group>"; };
		3584CB29164828C500512256 /* RPCAppDelegate.h */ = {isa = PBXFileReference; lastKnownFileType = sourcecode.c.h; path = RPCAppDelegate.h; sourceTree = "<group>"; };
		3584CB2A164828C500512256 /* RPCAppDelegate.m */ = {isa = PBXFileReference; lastKnownFileType = sourcecode.c.objc; path = RPCAppDelegate.m; sourceTree = "<group>"; };
		3584CB2C164828C500512256 /* Default.png */ = {isa = PBXFileReference; lastKnownFileType = image.png; path = Default.png; sourceTree = "<group>"; };
		3584CB2E164828C500512256 /* Default@2x.png */ = {isa = PBXFileReference; lastKnownFileType = image.png; path = "Default@2x.png"; sourceTree = "<group>"; };
		3584CB30164828C600512256 /* Default-568h@2x.png */ = {isa = PBXFileReference; lastKnownFileType = image.png; path = "Default-568h@2x.png"; sourceTree = "<group>"; };
		3584CB33164828C600512256 /* en */ = {isa = PBXFileReference; lastKnownFileType = file.storyboard; name = en; path = en.lproj/MainStoryboard.storyboard; sourceTree = "<group>"; };
		3584CB35164828C600512256 /* RPCViewController.h */ = {isa = PBXFileReference; lastKnownFileType = sourcecode.c.h; path = RPCViewController.h; sourceTree = "<group>"; };
		3584CB36164828C600512256 /* RPCViewController.m */ = {isa = PBXFileReference; lastKnownFileType = sourcecode.c.objc; path = RPCViewController.m; sourceTree = "<group>"; };
		3592B4071649B73200259486 /* RPCPresentedViewController.h */ = {isa = PBXFileReference; fileEncoding = 4; lastKnownFileType = sourcecode.c.h; path = RPCPresentedViewController.h; sourceTree = "<group>"; };
		3592B4081649B73200259486 /* RPCPresentedViewController.m */ = {isa = PBXFileReference; fileEncoding = 4; lastKnownFileType = sourcecode.c.objc; path = RPCPresentedViewController.m; sourceTree = "<group>"; };
		35939658164B161300990F1B /* Black_pog.png */ = {isa = PBXFileReference; lastKnownFileType = image.png; path = Black_pog.png; sourceTree = "<group>"; };
		35939659164B161300990F1B /* Blue_pog.png */ = {isa = PBXFileReference; lastKnownFileType = image.png; path = Blue_pog.png; sourceTree = "<group>"; };
		3593965A164B161300990F1B /* Green_pog.png */ = {isa = PBXFileReference; lastKnownFileType = image.png; path = Green_pog.png; sourceTree = "<group>"; };
		3593965B164B161300990F1B /* Red_pog.png */ = {isa = PBXFileReference; lastKnownFileType = image.png; path = Red_pog.png; sourceTree = "<group>"; };
		3593965C164B161300990F1B /* Steel_pog.png */ = {isa = PBXFileReference; lastKnownFileType = image.png; path = Steel_pog.png; sourceTree = "<group>"; };
		35B3970016485DA100B74925 /* RPCRotatableNavigationController.h */ = {isa = PBXFileReference; fileEncoding = 4; lastKnownFileType = sourcecode.c.h; path = RPCRotatableNavigationController.h; sourceTree = "<group>"; };
		35B3970116485DA100B74925 /* RPCRotatableNavigationController.m */ = {isa = PBXFileReference; fileEncoding = 4; lastKnownFileType = sourcecode.c.objc; path = RPCRotatableNavigationController.m; sourceTree = "<group>"; };
		35B3970416485DC800B74925 /* RPCNonRotatableNavigationController.h */ = {isa = PBXFileReference; fileEncoding = 4; lastKnownFileType = sourcecode.c.h; path = RPCNonRotatableNavigationController.h; sourceTree = "<group>"; };
		35B3970516485DC800B74925 /* RPCNonRotatableNavigationController.m */ = {isa = PBXFileReference; fileEncoding = 4; lastKnownFileType = sourcecode.c.objc; path = RPCNonRotatableNavigationController.m; sourceTree = "<group>"; };
		5DA95119164BDB2800BD92F8 /* AdSupport.framework */ = {isa = PBXFileReference; lastKnownFileType = wrapper.framework; name = AdSupport.framework; path = System/Library/Frameworks/AdSupport.framework; sourceTree = SDKROOT; };
		5DA9511C164BDB4100BD92F8 /* AdSupport.framework */ = {isa = PBXFileReference; lastKnownFileType = wrapper.framework; name = AdSupport.framework; path = System/Library/Frameworks/AdSupport.framework; sourceTree = SDKROOT; };
/* End PBXFileReference section */

/* Begin PBXFrameworksBuildPhase section */
		3584CB13164828C500512256 /* Frameworks */ = {
			isa = PBXFrameworksBuildPhase;
			buildActionMask = 2147483647;
			files = (
				5DA9511A164BDB2800BD92F8 /* AdSupport.framework in Frameworks */,
				3584CB1B164828C500512256 /* UIKit.framework in Frameworks */,
				3584CB1D164828C500512256 /* Foundation.framework in Frameworks */,
				3584CB1F164828C500512256 /* CoreGraphics.framework in Frameworks */,
				5DA9511D164BDB4100BD92F8 /* AdSupport.framework in Frameworks */,
			);
			runOnlyForDeploymentPostprocessing = 0;
		};
/* End PBXFrameworksBuildPhase section */

/* Begin PBXGroup section */
		3584CB0B164828C500512256 = {
			isa = PBXGroup;
			children = (
				5DA95119164BDB2800BD92F8 /* AdSupport.framework */,
				3584CB20164828C500512256 /* TechTalkRPC */,
				3584CB19164828C500512256 /* Frameworks */,
				3584CB17164828C500512256 /* Products */,
			);
			sourceTree = "<group>";
		};
		3584CB17164828C500512256 /* Products */ = {
			isa = PBXGroup;
			children = (
				3584CB16164828C500512256 /* TechTalkRPC.app */,
			);
			name = Products;
			sourceTree = "<group>";
		};
		3584CB19164828C500512256 /* Frameworks */ = {
			isa = PBXGroup;
			children = (
				5DA9511C164BDB4100BD92F8 /* AdSupport.framework */,
				3584CB1A164828C500512256 /* UIKit.framework */,
				3584CB1C164828C500512256 /* Foundation.framework */,
				3584CB1E164828C500512256 /* CoreGraphics.framework */,
			);
			name = Frameworks;
			sourceTree = "<group>";
		};
		3584CB20164828C500512256 /* TechTalkRPC */ = {
			isa = PBXGroup;
			children = (
				35939656164B15FC00990F1B /* images */,
				3592B4071649B73200259486 /* RPCPresentedViewController.h */,
				3592B4081649B73200259486 /* RPCPresentedViewController.m */,
				3584CB29164828C500512256 /* RPCAppDelegate.h */,
				3584CB2A164828C500512256 /* RPCAppDelegate.m */,
				3584CB35164828C600512256 /* RPCViewController.h */,
				3584CB36164828C600512256 /* RPCViewController.m */,
				3584CB32164828C600512256 /* MainStoryboard.storyboard */,
				35B3970016485DA100B74925 /* RPCRotatableNavigationController.h */,
				35B3970116485DA100B74925 /* RPCRotatableNavigationController.m */,
				35B3970416485DC800B74925 /* RPCNonRotatableNavigationController.h */,
				35B3970516485DC800B74925 /* RPCNonRotatableNavigationController.m */,
				3584CB21164828C500512256 /* Supporting Files */,
			);
			path = TechTalkRPC;
			sourceTree = "<group>";
		};
		3584CB21164828C500512256 /* Supporting Files */ = {
			isa = PBXGroup;
			children = (
				3584CB22164828C500512256 /* TechTalkRPC-Info.plist */,
				3584CB23164828C500512256 /* InfoPlist.strings */,
				3584CB26164828C500512256 /* main.m */,
				3584CB28164828C500512256 /* TechTalkRPC-Prefix.pch */,
				3584CB2C164828C500512256 /* Default.png */,
				3584CB2E164828C500512256 /* Default@2x.png */,
				3584CB30164828C600512256 /* Default-568h@2x.png */,
			);
			name = "Supporting Files";
			sourceTree = "<group>";
		};
		35939656164B15FC00990F1B /* images */ = {
			isa = PBXGroup;
			children = (
				35939658164B161300990F1B /* Black_pog.png */,
				35939659164B161300990F1B /* Blue_pog.png */,
				3593965A164B161300990F1B /* Green_pog.png */,
				3593965B164B161300990F1B /* Red_pog.png */,
				3593965C164B161300990F1B /* Steel_pog.png */,
			);
			name = images;
			sourceTree = "<group>";
		};
/* End PBXGroup section */

/* Begin PBXNativeTarget section */
		3584CB15164828C500512256 /* TechTalkRPC */ = {
			isa = PBXNativeTarget;
			buildConfigurationList = 3584CB3A164828C600512256 /* Build configuration list for PBXNativeTarget "TechTalkRPC" */;
			buildPhases = (
				3584CB12164828C500512256 /* Sources */,
				3584CB13164828C500512256 /* Frameworks */,
				3584CB14164828C500512256 /* Resources */,
			);
			buildRules = (
			);
			dependencies = (
			);
			name = TechTalkRPC;
			productName = TechTalkRPC;
			productReference = 3584CB16164828C500512256 /* TechTalkRPC.app */;
			productType = "com.apple.product-type.application";
		};
/* End PBXNativeTarget section */

/* Begin PBXProject section */
		3584CB0D164828C500512256 /* Project object */ = {
			isa = PBXProject;
			attributes = {
				CLASSPREFIX = RPC;
				LastUpgradeCheck = 0450;
				ORGANIZATIONNAME = "Silvia Cret";
			};
			buildConfigurationList = 3584CB10164828C500512256 /* Build configuration list for PBXProject "TechTalkRPC" */;
			compatibilityVersion = "Xcode 3.2";
			developmentRegion = English;
			hasScannedForEncodings = 0;
			knownRegions = (
				en,
			);
			mainGroup = 3584CB0B164828C500512256;
			productRefGroup = 3584CB17164828C500512256 /* Products */;
			projectDirPath = "";
			projectRoot = "";
			targets = (
				3584CB15164828C500512256 /* TechTalkRPC */,
			);
		};
/* End PBXProject section */

/* Begin PBXResourcesBuildPhase section */
		3584CB14164828C500512256 /* Resources */ = {
			isa = PBXResourcesBuildPhase;
			buildActionMask = 2147483647;
			files = (
				3584CB25164828C500512256 /* InfoPlist.strings in Resources */,
				3584CB2D164828C500512256 /* Default.png in Resources */,
				3584CB2F164828C500512256 /* Default@2x.png in Resources */,
				3584CB31164828C600512256 /* Default-568h@2x.png in Resources */,
				3584CB34164828C600512256 /* MainStoryboard.storyboard in Resources */,
				3593965D164B161300990F1B /* Black_pog.png in Resources */,
				3593965E164B161300990F1B /* Blue_pog.png in Resources */,
				3593965F164B161300990F1B /* Green_pog.png in Resources */,
				35939660164B161300990F1B /* Red_pog.png in Resources */,
				35939661164B161300990F1B /* Steel_pog.png in Resources */,
			);
			runOnlyForDeploymentPostprocessing = 0;
		};
/* End PBXResourcesBuildPhase section */

/* Begin PBXSourcesBuildPhase section */
		3584CB12164828C500512256 /* Sources */ = {
			isa = PBXSourcesBuildPhase;
			buildActionMask = 2147483647;
			files = (
				3584CB27164828C500512256 /* main.m in Sources */,
				3584CB2B164828C500512256 /* RPCAppDelegate.m in Sources */,
				3584CB37164828C600512256 /* RPCViewController.m in Sources */,
				35B3970216485DA100B74925 /* RPCRotatableNavigationController.m in Sources */,
				35B3970616485DC800B74925 /* RPCNonRotatableNavigationController.m in Sources */,
				3592B4091649B73200259486 /* RPCPresentedViewController.m in Sources */,
			);
			runOnlyForDeploymentPostprocessing = 0;
		};
/* End PBXSourcesBuildPhase section */

/* Begin PBXVariantGroup section */
		3584CB23164828C500512256 /* InfoPlist.strings */ = {
			isa = PBXVariantGroup;
			children = (
				3584CB24164828C500512256 /* en */,
			);
			name = InfoPlist.strings;
			sourceTree = "<group>";
		};
		3584CB32164828C600512256 /* MainStoryboard.storyboard */ = {
			isa = PBXVariantGroup;
			children = (
				3584CB33164828C600512256 /* en */,
			);
			name = MainStoryboard.storyboard;
			sourceTree = "<group>";
		};
/* End PBXVariantGroup section */

/* Begin XCBuildConfiguration section */
		3584CB38164828C600512256 /* Debug */ = {
			isa = XCBuildConfiguration;
			buildSettings = {
				ALWAYS_SEARCH_USER_PATHS = NO;
				CLANG_CXX_LANGUAGE_STANDARD = "gnu++0x";
				CLANG_CXX_LIBRARY = "libc++";
				CLANG_ENABLE_OBJC_ARC = YES;
				CLANG_WARN_EMPTY_BODY = YES;
				CLANG_WARN__DUPLICATE_METHOD_MATCH = YES;
				"CODE_SIGN_IDENTITY[sdk=iphoneos*]" = "iPhone Developer";
				COPY_PHASE_STRIP = NO;
				GCC_C_LANGUAGE_STANDARD = gnu99;
				GCC_DYNAMIC_NO_PIC = NO;
				GCC_OPTIMIZATION_LEVEL = 0;
				GCC_PREPROCESSOR_DEFINITIONS = (
					"DEBUG=1",
					"$(inherited)",
				);
				GCC_SYMBOLS_PRIVATE_EXTERN = NO;
				GCC_WARN_ABOUT_RETURN_TYPE = YES;
				GCC_WARN_UNINITIALIZED_AUTOS = YES;
				GCC_WARN_UNUSED_VARIABLE = YES;
				IPHONEOS_DEPLOYMENT_TARGET = 6.0;
				ONLY_ACTIVE_ARCH = YES;
				SDKROOT = iphoneos;
			};
			name = Debug;
		};
		3584CB39164828C600512256 /* Release */ = {
			isa = XCBuildConfiguration;
			buildSettings = {
				ALWAYS_SEARCH_USER_PATHS = NO;
				CLANG_CXX_LANGUAGE_STANDARD = "gnu++0x";
				CLANG_CXX_LIBRARY = "libc++";
				CLANG_ENABLE_OBJC_ARC = YES;
				CLANG_WARN_EMPTY_BODY = YES;
				CLANG_WARN__DUPLICATE_METHOD_MATCH = YES;
				"CODE_SIGN_IDENTITY[sdk=iphoneos*]" = "iPhone Developer";
				COPY_PHASE_STRIP = YES;
				GCC_C_LANGUAGE_STANDARD = gnu99;
				GCC_WARN_ABOUT_RETURN_TYPE = YES;
				GCC_WARN_UNINITIALIZED_AUTOS = YES;
				GCC_WARN_UNUSED_VARIABLE = YES;
				IPHONEOS_DEPLOYMENT_TARGET = 6.0;
				OTHER_CFLAGS = "-DNS_BLOCK_ASSERTIONS=1";
				SDKROOT = iphoneos;
				VALIDATE_PRODUCT = YES;
			};
			name = Release;
		};
		3584CB3B164828C600512256 /* Debug */ = {
			isa = XCBuildConfiguration;
			buildSettings = {
				GCC_PRECOMPILE_PREFIX_HEADER = YES;
				GCC_PREFIX_HEADER = "TechTalkRPC/TechTalkRPC-Prefix.pch";
				INFOPLIST_FILE = "TechTalkRPC/TechTalkRPC-Info.plist";
				PRODUCT_NAME = "$(TARGET_NAME)";
				WRAPPER_EXTENSION = app;
			};
			name = Debug;
		};
		3584CB3C164828C600512256 /* Release */ = {
			isa = XCBuildConfiguration;
			buildSettings = {
				GCC_PRECOMPILE_PREFIX_HEADER = YES;
				GCC_PREFIX_HEADER = "TechTalkRPC/TechTalkRPC-Prefix.pch";
				INFOPLIST_FILE = "TechTalkRPC/TechTalkRPC-Info.plist";
				PRODUCT_NAME = "$(TARGET_NAME)";
				WRAPPER_EXTENSION = app;
			};
			name = Release;
		};
/* End XCBuildConfiguration section */

/* Begin XCConfigurationList section */
		3584CB10164828C500512256 /* Build configuration list for PBXProject "TechTalkRPC" */ = {
			isa = XCConfigurationList;
			buildConfigurations = (
				3584CB38164828C600512256 /* Debug */,
				3584CB39164828C600512256 /* Release */,
			);
			defaultConfigurationIsVisible = 0;
			defaultConfigurationName = Release;
		};
		3584CB3A164828C600512256 /* Build configuration list for PBXNativeTarget "TechTalkRPC" */ = {
			isa = XCConfigurationList;
			buildConfigurations = (
				3584CB3B164828C600512256 /* Debug */,
				3584CB3C164828C600512256 /* Release */,
			);
			defaultConfigurationIsVisible = 0;
			defaultConfigurationName = Release;
		};
/* End XCConfigurationList section */
	};
	rootObject = 3584CB0D164828C500512256 /* Project object */;
}
